// !$*UTF8*$!
{
	archiveVersion = 1;
	classes = {
	};
	objectVersion = 46;
	objects = {

/* Begin PBXBuildFile section */
		48362DF11E79C9BF00FA7AD4 /* DiagramView.swift in Sources */ = {isa = PBXBuildFile; fileRef = 48362DF01E79C9BF00FA7AD4 /* DiagramView.swift */; };
		484247DF1E71FF500073FC70 /* AppDelegate.swift in Sources */ = {isa = PBXBuildFile; fileRef = 484247DE1E71FF500073FC70 /* AppDelegate.swift */; };
		484247E11E71FF500073FC70 /* StopwatchViewController.swift in Sources */ = {isa = PBXBuildFile; fileRef = 484247E01E71FF500073FC70 /* StopwatchViewController.swift */; };
		484247E31E71FF500073FC70 /* ListViewController.swift in Sources */ = {isa = PBXBuildFile; fileRef = 484247E21E71FF500073FC70 /* ListViewController.swift */; };
		484247E61E71FF500073FC70 /* Main.storyboard in Resources */ = {isa = PBXBuildFile; fileRef = 484247E41E71FF500073FC70 /* Main.storyboard */; };
		484247E81E71FF500073FC70 /* Assets.xcassets in Resources */ = {isa = PBXBuildFile; fileRef = 484247E71E71FF500073FC70 /* Assets.xcassets */; };
		484247EB1E71FF500073FC70 /* LaunchScreen.storyboard in Resources */ = {isa = PBXBuildFile; fileRef = 484247E91E71FF500073FC70 /* LaunchScreen.storyboard */; };
		484247F61E71FF510073FC70 /* ArbeitszeitenTests.swift in Sources */ = {isa = PBXBuildFile; fileRef = 484247F51E71FF510073FC70 /* ArbeitszeitenTests.swift */; };
		484248011E71FF510073FC70 /* ArbeitszeitenUITests.swift in Sources */ = {isa = PBXBuildFile; fileRef = 484248001E71FF510073FC70 /* ArbeitszeitenUITests.swift */; };
		4842480F1E7202AA0073FC70 /* Stopwatch.swift in Sources */ = {isa = PBXBuildFile; fileRef = 4842480E1E7202AA0073FC70 /* Stopwatch.swift */; };
		484CDABF1E72833B005447C0 /* StopwatchController.swift in Sources */ = {isa = PBXBuildFile; fileRef = 484CDABE1E72833B005447C0 /* StopwatchController.swift */; };
		48B555C81E92DF9A00552035 /* EditViewController.swift in Sources */ = {isa = PBXBuildFile; fileRef = 48B555C71E92DF9A00552035 /* EditViewController.swift */; };
		8042A9CF1E784657005160AA /* DetailsViewController.swift in Sources */ = {isa = PBXBuildFile; fileRef = 8042A9CE1E784657005160AA /* DetailsViewController.swift */; };
		8042A9D11E7858B7005160AA /* DEBUG.swift in Sources */ = {isa = PBXBuildFile; fileRef = 8042A9D01E7858B7005160AA /* DEBUG.swift */; };
		806A31251E787B7B00E21D68 /* Header.xib in Resources */ = {isa = PBXBuildFile; fileRef = 806A31241E787B7B00E21D68 /* Header.xib */; };
/* End PBXBuildFile section */

/* Begin PBXContainerItemProxy section */
		484247F21E71FF510073FC70 /* PBXContainerItemProxy */ = {
			isa = PBXContainerItemProxy;
			containerPortal = 484247D31E71FF500073FC70 /* Project object */;
			proxyType = 1;
			remoteGlobalIDString = 484247DA1E71FF500073FC70;
			remoteInfo = Arbeitszeiten;
		};
		484247FD1E71FF510073FC70 /* PBXContainerItemProxy */ = {
			isa = PBXContainerItemProxy;
			containerPortal = 484247D31E71FF500073FC70 /* Project object */;
			proxyType = 1;
			remoteGlobalIDString = 484247DA1E71FF500073FC70;
			remoteInfo = Arbeitszeiten;
		};
/* End PBXContainerItemProxy section */

/* Begin PBXFileReference section */
		48362DF01E79C9BF00FA7AD4 /* DiagramView.swift */ = {isa = PBXFileReference; fileEncoding = 4; lastKnownFileType = sourcecode.swift; path = DiagramView.swift; sourceTree = "<group>"; };
		484247DB1E71FF500073FC70 /* Arbeitszeiten.app */ = {isa = PBXFileReference; explicitFileType = wrapper.application; includeInIndex = 0; path = Arbeitszeiten.app; sourceTree = BUILT_PRODUCTS_DIR; };
		484247DE1E71FF500073FC70 /* AppDelegate.swift */ = {isa = PBXFileReference; lastKnownFileType = sourcecode.swift; path = AppDelegate.swift; sourceTree = "<group>"; };
		484247E01E71FF500073FC70 /* StopwatchViewController.swift */ = {isa = PBXFileReference; lastKnownFileType = sourcecode.swift; path = StopwatchViewController.swift; sourceTree = "<group>"; };
		484247E21E71FF500073FC70 /* ListViewController.swift */ = {isa = PBXFileReference; lastKnownFileType = sourcecode.swift; path = ListViewController.swift; sourceTree = "<group>"; };
		484247E51E71FF500073FC70 /* Base */ = {isa = PBXFileReference; lastKnownFileType = file.storyboard; name = Base; path = Base.lproj/Main.storyboard; sourceTree = "<group>"; };
		484247E71E71FF500073FC70 /* Assets.xcassets */ = {isa = PBXFileReference; lastKnownFileType = folder.assetcatalog; path = Assets.xcassets; sourceTree = "<group>"; };
		484247EA1E71FF500073FC70 /* Base */ = {isa = PBXFileReference; lastKnownFileType = file.storyboard; name = Base; path = Base.lproj/LaunchScreen.storyboard; sourceTree = "<group>"; };
		484247EC1E71FF500073FC70 /* Info.plist */ = {isa = PBXFileReference; lastKnownFileType = text.plist.xml; path = Info.plist; sourceTree = "<group>"; };
		484247F11E71FF510073FC70 /* ArbeitszeitenTests.xctest */ = {isa = PBXFileReference; explicitFileType = wrapper.cfbundle; includeInIndex = 0; path = ArbeitszeitenTests.xctest; sourceTree = BUILT_PRODUCTS_DIR; };
		484247F51E71FF510073FC70 /* ArbeitszeitenTests.swift */ = {isa = PBXFileReference; lastKnownFileType = sourcecode.swift; path = ArbeitszeitenTests.swift; sourceTree = "<group>"; };
		484247F71E71FF510073FC70 /* Info.plist */ = {isa = PBXFileReference; lastKnownFileType = text.plist.xml; path = Info.plist; sourceTree = "<group>"; };
		484247FC1E71FF510073FC70 /* ArbeitszeitenUITests.xctest */ = {isa = PBXFileReference; explicitFileType = wrapper.cfbundle; includeInIndex = 0; path = ArbeitszeitenUITests.xctest; sourceTree = BUILT_PRODUCTS_DIR; };
		484248001E71FF510073FC70 /* ArbeitszeitenUITests.swift */ = {isa = PBXFileReference; lastKnownFileType = sourcecode.swift; path = ArbeitszeitenUITests.swift; sourceTree = "<group>"; };
		484248021E71FF510073FC70 /* Info.plist */ = {isa = PBXFileReference; lastKnownFileType = text.plist.xml; path = Info.plist; sourceTree = "<group>"; };
		4842480E1E7202AA0073FC70 /* Stopwatch.swift */ = {isa = PBXFileReference; fileEncoding = 4; lastKnownFileType = sourcecode.swift; path = Stopwatch.swift; sourceTree = "<group>"; };
		484CDABE1E72833B005447C0 /* StopwatchController.swift */ = {isa = PBXFileReference; fileEncoding = 4; lastKnownFileType = sourcecode.swift; path = StopwatchController.swift; sourceTree = "<group>"; };
		48B555C71E92DF9A00552035 /* EditViewController.swift */ = {isa = PBXFileReference; fileEncoding = 4; lastKnownFileType = sourcecode.swift; path = EditViewController.swift; sourceTree = "<group>"; };
		8042A9CE1E784657005160AA /* DetailsViewController.swift */ = {isa = PBXFileReference; fileEncoding = 4; lastKnownFileType = sourcecode.swift; path = DetailsViewController.swift; sourceTree = "<group>"; };
		8042A9D01E7858B7005160AA /* DEBUG.swift */ = {isa = PBXFileReference; fileEncoding = 4; lastKnownFileType = sourcecode.swift; name = DEBUG.swift; path = ../Arbeitszeiten/DEBUG.swift; sourceTree = "<group>"; };
		806A31241E787B7B00E21D68 /* Header.xib */ = {isa = PBXFileReference; fileEncoding = 4; lastKnownFileType = file.xib; path = Header.xib; sourceTree = "<group>"; };
/* End PBXFileReference section */

/* Begin PBXFrameworksBuildPhase section */
		484247D81E71FF500073FC70 /* Frameworks */ = {
			isa = PBXFrameworksBuildPhase;
			buildActionMask = 2147483647;
			files = (
			);
			runOnlyForDeploymentPostprocessing = 0;
		};
		484247EE1E71FF510073FC70 /* Frameworks */ = {
			isa = PBXFrameworksBuildPhase;
			buildActionMask = 2147483647;
			files = (
			);
			runOnlyForDeploymentPostprocessing = 0;
		};
		484247F91E71FF510073FC70 /* Frameworks */ = {
			isa = PBXFrameworksBuildPhase;
			buildActionMask = 2147483647;
			files = (
			);
			runOnlyForDeploymentPostprocessing = 0;
		};
/* End PBXFrameworksBuildPhase section */

/* Begin PBXGroup section */
		483F421D1E730F7B00E3CB54 /* Stopwatch */ = {
			isa = PBXGroup;
			children = (
				484CDABE1E72833B005447C0 /* StopwatchController.swift */,
				4842480E1E7202AA0073FC70 /* Stopwatch.swift */,
			);
			name = Stopwatch;
			sourceTree = "<group>";
		};
		483F421E1E730F9000E3CB54 /* ViewControllers */ = {
			isa = PBXGroup;
			children = (
				484247E01E71FF500073FC70 /* StopwatchViewController.swift */,
				484247E21E71FF500073FC70 /* ListViewController.swift */,
				806A31241E787B7B00E21D68 /* Header.xib */,
				8042A9CE1E784657005160AA /* DetailsViewController.swift */,
				48B555C71E92DF9A00552035 /* EditViewController.swift */,
			);
			name = ViewControllers;
			sourceTree = "<group>";
		};
		484247D21E71FF500073FC70 = {
			isa = PBXGroup;
			children = (
				484247DD1E71FF500073FC70 /* Arbeitszeiten */,
				484247F41E71FF510073FC70 /* ArbeitszeitenTests */,
				484247FF1E71FF510073FC70 /* ArbeitszeitenUITests */,
				484247DC1E71FF500073FC70 /* Products */,
			);
			sourceTree = "<group>";
		};
		484247DC1E71FF500073FC70 /* Products */ = {
			isa = PBXGroup;
			children = (
				484247DB1E71FF500073FC70 /* Arbeitszeiten.app */,
				484247F11E71FF510073FC70 /* ArbeitszeitenTests.xctest */,
				484247FC1E71FF510073FC70 /* ArbeitszeitenUITests.xctest */,
			);
			name = Products;
			sourceTree = "<group>";
		};
		484247DD1E71FF500073FC70 /* Arbeitszeiten */ = {
			isa = PBXGroup;
			children = (
				484247DE1E71FF500073FC70 /* AppDelegate.swift */,
				483F421E1E730F9000E3CB54 /* ViewControllers */,
				483F421D1E730F7B00E3CB54 /* Stopwatch */,
				484247E41E71FF500073FC70 /* Main.storyboard */,
				484247E71E71FF500073FC70 /* Assets.xcassets */,
				484247E91E71FF500073FC70 /* LaunchScreen.storyboard */,
				484247EC1E71FF500073FC70 /* Info.plist */,
				48362DF01E79C9BF00FA7AD4 /* DiagramView.swift */,
			);
			path = Arbeitszeiten;
			sourceTree = "<group>";
		};
		484247F41E71FF510073FC70 /* ArbeitszeitenTests */ = {
			isa = PBXGroup;
			children = (
				8042A9D01E7858B7005160AA /* DEBUG.swift */,
				484247F51E71FF510073FC70 /* ArbeitszeitenTests.swift */,
				484247F71E71FF510073FC70 /* Info.plist */,
			);
			path = ArbeitszeitenTests;
			sourceTree = "<group>";
		};
		484247FF1E71FF510073FC70 /* ArbeitszeitenUITests */ = {
			isa = PBXGroup;
			children = (
				484248001E71FF510073FC70 /* ArbeitszeitenUITests.swift */,
				484248021E71FF510073FC70 /* Info.plist */,
			);
			path = ArbeitszeitenUITests;
			sourceTree = "<group>";
		};
/* End PBXGroup section */

/* Begin PBXNativeTarget section */
		484247DA1E71FF500073FC70 /* Arbeitszeiten */ = {
			isa = PBXNativeTarget;
			buildConfigurationList = 484248051E71FF510073FC70 /* Build configuration list for PBXNativeTarget "Arbeitszeiten" */;
			buildPhases = (
				484247D71E71FF500073FC70 /* Sources */,
				484247D81E71FF500073FC70 /* Frameworks */,
				484247D91E71FF500073FC70 /* Resources */,
			);
			buildRules = (
			);
			dependencies = (
			);
			name = Arbeitszeiten;
			productName = Arbeitszeiten;
			productReference = 484247DB1E71FF500073FC70 /* Arbeitszeiten.app */;
			productType = "com.apple.product-type.application";
		};
		484247F01E71FF510073FC70 /* ArbeitszeitenTests */ = {
			isa = PBXNativeTarget;
			buildConfigurationList = 484248081E71FF510073FC70 /* Build configuration list for PBXNativeTarget "ArbeitszeitenTests" */;
			buildPhases = (
				484247ED1E71FF510073FC70 /* Sources */,
				484247EE1E71FF510073FC70 /* Frameworks */,
				484247EF1E71FF510073FC70 /* Resources */,
			);
			buildRules = (
			);
			dependencies = (
				484247F31E71FF510073FC70 /* PBXTargetDependency */,
			);
			name = ArbeitszeitenTests;
			productName = ArbeitszeitenTests;
			productReference = 484247F11E71FF510073FC70 /* ArbeitszeitenTests.xctest */;
			productType = "com.apple.product-type.bundle.unit-test";
		};
		484247FB1E71FF510073FC70 /* ArbeitszeitenUITests */ = {
			isa = PBXNativeTarget;
			buildConfigurationList = 4842480B1E71FF510073FC70 /* Build configuration list for PBXNativeTarget "ArbeitszeitenUITests" */;
			buildPhases = (
				484247F81E71FF510073FC70 /* Sources */,
				484247F91E71FF510073FC70 /* Frameworks */,
				484247FA1E71FF510073FC70 /* Resources */,
			);
			buildRules = (
			);
			dependencies = (
				484247FE1E71FF510073FC70 /* PBXTargetDependency */,
			);
			name = ArbeitszeitenUITests;
			productName = ArbeitszeitenUITests;
			productReference = 484247FC1E71FF510073FC70 /* ArbeitszeitenUITests.xctest */;
			productType = "com.apple.product-type.bundle.ui-testing";
		};
/* End PBXNativeTarget section */

/* Begin PBXProject section */
		484247D31E71FF500073FC70 /* Project object */ = {
			isa = PBXProject;
			attributes = {
				LastSwiftUpdateCheck = 0820;
				LastUpgradeCheck = 0900;
				ORGANIZATIONNAME = "Lukas Bischof";
				TargetAttributes = {
					484247DA1E71FF500073FC70 = {
						CreatedOnToolsVersion = 8.2.1;
						DevelopmentTeam = G4ANT58PJV;
						ProvisioningStyle = Automatic;
					};
					484247F01E71FF510073FC70 = {
						CreatedOnToolsVersion = 8.2.1;
						DevelopmentTeam = G4ANT58PJV;
						ProvisioningStyle = Automatic;
						TestTargetID = 484247DA1E71FF500073FC70;
					};
					484247FB1E71FF510073FC70 = {
						CreatedOnToolsVersion = 8.2.1;
						DevelopmentTeam = G4ANT58PJV;
						ProvisioningStyle = Automatic;
						TestTargetID = 484247DA1E71FF500073FC70;
					};
				};
			};
			buildConfigurationList = 484247D61E71FF500073FC70 /* Build configuration list for PBXProject "Arbeitszeiten" */;
			compatibilityVersion = "Xcode 3.2";
			developmentRegion = English;
			hasScannedForEncodings = 0;
			knownRegions = (
				en,
				Base,
			);
			mainGroup = 484247D21E71FF500073FC70;
			productRefGroup = 484247DC1E71FF500073FC70 /* Products */;
			projectDirPath = "";
			projectRoot = "";
			targets = (
				484247DA1E71FF500073FC70 /* Arbeitszeiten */,
				484247F01E71FF510073FC70 /* ArbeitszeitenTests */,
				484247FB1E71FF510073FC70 /* ArbeitszeitenUITests */,
			);
		};
/* End PBXProject section */

/* Begin PBXResourcesBuildPhase section */
		484247D91E71FF500073FC70 /* Resources */ = {
			isa = PBXResourcesBuildPhase;
			buildActionMask = 2147483647;
			files = (
				806A31251E787B7B00E21D68 /* Header.xib in Resources */,
				484247EB1E71FF500073FC70 /* LaunchScreen.storyboard in Resources */,
				484247E81E71FF500073FC70 /* Assets.xcassets in Resources */,
				484247E61E71FF500073FC70 /* Main.storyboard in Resources */,
			);
			runOnlyForDeploymentPostprocessing = 0;
		};
		484247EF1E71FF510073FC70 /* Resources */ = {
			isa = PBXResourcesBuildPhase;
			buildActionMask = 2147483647;
			files = (
			);
			runOnlyForDeploymentPostprocessing = 0;
		};
		484247FA1E71FF510073FC70 /* Resources */ = {
			isa = PBXResourcesBuildPhase;
			buildActionMask = 2147483647;
			files = (
			);
			runOnlyForDeploymentPostprocessing = 0;
		};
/* End PBXResourcesBuildPhase section */

/* Begin PBXSourcesBuildPhase section */
		484247D71E71FF500073FC70 /* Sources */ = {
			isa = PBXSourcesBuildPhase;
			buildActionMask = 2147483647;
			files = (
				484247E31E71FF500073FC70 /* ListViewController.swift in Sources */,
				484247DF1E71FF500073FC70 /* AppDelegate.swift in Sources */,
				484CDABF1E72833B005447C0 /* StopwatchController.swift in Sources */,
				484247E11E71FF500073FC70 /* StopwatchViewController.swift in Sources */,
				48362DF11E79C9BF00FA7AD4 /* DiagramView.swift in Sources */,
				4842480F1E7202AA0073FC70 /* Stopwatch.swift in Sources */,
				8042A9CF1E784657005160AA /* DetailsViewController.swift in Sources */,
				8042A9D11E7858B7005160AA /* DEBUG.swift in Sources */,
				48B555C81E92DF9A00552035 /* EditViewController.swift in Sources */,
			);
			runOnlyForDeploymentPostprocessing = 0;
		};
		484247ED1E71FF510073FC70 /* Sources */ = {
			isa = PBXSourcesBuildPhase;
			buildActionMask = 2147483647;
			files = (
				484247F61E71FF510073FC70 /* ArbeitszeitenTests.swift in Sources */,
			);
			runOnlyForDeploymentPostprocessing = 0;
		};
		484247F81E71FF510073FC70 /* Sources */ = {
			isa = PBXSourcesBuildPhase;
			buildActionMask = 2147483647;
			files = (
				484248011E71FF510073FC70 /* ArbeitszeitenUITests.swift in Sources */,
			);
			runOnlyForDeploymentPostprocessing = 0;
		};
/* End PBXSourcesBuildPhase section */

/* Begin PBXTargetDependency section */
		484247F31E71FF510073FC70 /* PBXTargetDependency */ = {
			isa = PBXTargetDependency;
			target = 484247DA1E71FF500073FC70 /* Arbeitszeiten */;
			targetProxy = 484247F21E71FF510073FC70 /* PBXContainerItemProxy */;
		};
		484247FE1E71FF510073FC70 /* PBXTargetDependency */ = {
			isa = PBXTargetDependency;
			target = 484247DA1E71FF500073FC70 /* Arbeitszeiten */;
			targetProxy = 484247FD1E71FF510073FC70 /* PBXContainerItemProxy */;
		};
/* End PBXTargetDependency section */

/* Begin PBXVariantGroup section */
		484247E41E71FF500073FC70 /* Main.storyboard */ = {
			isa = PBXVariantGroup;
			children = (
				484247E51E71FF500073FC70 /* Base */,
			);
			name = Main.storyboard;
			sourceTree = "<group>";
		};
		484247E91E71FF500073FC70 /* LaunchScreen.storyboard */ = {
			isa = PBXVariantGroup;
			children = (
				484247EA1E71FF500073FC70 /* Base */,
			);
			name = LaunchScreen.storyboard;
			sourceTree = "<group>";
		};
/* End PBXVariantGroup section */

/* Begin XCBuildConfiguration section */
		484248031E71FF510073FC70 /* Debug */ = {
			isa = XCBuildConfiguration;
			buildSettings = {
				ALWAYS_SEARCH_USER_PATHS = NO;
				CLANG_ANALYZER_NONNULL = YES;
				CLANG_CXX_LANGUAGE_STANDARD = "gnu++0x";
				CLANG_CXX_LIBRARY = "libc++";
				CLANG_ENABLE_MODULES = YES;
				CLANG_ENABLE_OBJC_ARC = YES;
				CLANG_WARN_BLOCK_CAPTURE_AUTORELEASING = YES;
				CLANG_WARN_BOOL_CONVERSION = YES;
				CLANG_WARN_COMMA = YES;
				CLANG_WARN_CONSTANT_CONVERSION = YES;
				CLANG_WARN_DIRECT_OBJC_ISA_USAGE = YES_ERROR;
				CLANG_WARN_DOCUMENTATION_COMMENTS = YES;
				CLANG_WARN_EMPTY_BODY = YES;
				CLANG_WARN_ENUM_CONVERSION = YES;
				CLANG_WARN_INFINITE_RECURSION = YES;
				CLANG_WARN_INT_CONVERSION = YES;
				CLANG_WARN_NON_LITERAL_NULL_CONVERSION = YES;
				CLANG_WARN_OBJC_LITERAL_CONVERSION = YES;
				CLANG_WARN_OBJC_ROOT_CLASS = YES_ERROR;
				CLANG_WARN_RANGE_LOOP_ANALYSIS = YES;
				CLANG_WARN_STRICT_PROTOTYPES = YES;
				CLANG_WARN_SUSPICIOUS_MOVE = YES;
				CLANG_WARN_UNREACHABLE_CODE = YES;
				CLANG_WARN__DUPLICATE_METHOD_MATCH = YES;
				CODE_SIGN_IDENTITY = "iPhone Developer: Ivo Bischof (NYZ3Y29G4T)";
				"CODE_SIGN_IDENTITY[sdk=iphoneos*]" = "iPhone Developer";
				COPY_PHASE_STRIP = NO;
				DEBUG_INFORMATION_FORMAT = dwarf;
				ENABLE_STRICT_OBJC_MSGSEND = YES;
				ENABLE_TESTABILITY = YES;
				GCC_C_LANGUAGE_STANDARD = gnu99;
				GCC_DYNAMIC_NO_PIC = NO;
				GCC_NO_COMMON_BLOCKS = YES;
				GCC_OPTIMIZATION_LEVEL = 0;
				GCC_PREPROCESSOR_DEFINITIONS = (
					"DEBUG=1",
					"$(inherited)",
				);
				GCC_WARN_64_TO_32_BIT_CONVERSION = YES;
				GCC_WARN_ABOUT_RETURN_TYPE = YES_ERROR;
				GCC_WARN_UNDECLARED_SELECTOR = YES;
				GCC_WARN_UNINITIALIZED_AUTOS = YES_AGGRESSIVE;
				GCC_WARN_UNUSED_FUNCTION = YES;
				GCC_WARN_UNUSED_VARIABLE = YES;
				IPHONEOS_DEPLOYMENT_TARGET = 10.2;
				MTL_ENABLE_DEBUG_INFO = YES;
				ONLY_ACTIVE_ARCH = YES;
				SDKROOT = iphoneos;
				SWIFT_ACTIVE_COMPILATION_CONDITIONS = DEBUG;
				SWIFT_OPTIMIZATION_LEVEL = "-Onone";
				TARGETED_DEVICE_FAMILY = "1,2";
			};
			name = Debug;
		};
		484248041E71FF510073FC70 /* Release */ = {
			isa = XCBuildConfiguration;
			buildSettings = {
				ALWAYS_SEARCH_USER_PATHS = NO;
				CLANG_ANALYZER_NONNULL = YES;
				CLANG_CXX_LANGUAGE_STANDARD = "gnu++0x";
				CLANG_CXX_LIBRARY = "libc++";
				CLANG_ENABLE_MODULES = YES;
				CLANG_ENABLE_OBJC_ARC = YES;
				CLANG_WARN_BLOCK_CAPTURE_AUTORELEASING = YES;
				CLANG_WARN_BOOL_CONVERSION = YES;
				CLANG_WARN_COMMA = YES;
				CLANG_WARN_CONSTANT_CONVERSION = YES;
				CLANG_WARN_DIRECT_OBJC_ISA_USAGE = YES_ERROR;
				CLANG_WARN_DOCUMENTATION_COMMENTS = YES;
				CLANG_WARN_EMPTY_BODY = YES;
				CLANG_WARN_ENUM_CONVERSION = YES;
				CLANG_WARN_INFINITE_RECURSION = YES;
				CLANG_WARN_INT_CONVERSION = YES;
				CLANG_WARN_NON_LITERAL_NULL_CONVERSION = YES;
				CLANG_WARN_OBJC_LITERAL_CONVERSION = YES;
				CLANG_WARN_OBJC_ROOT_CLASS = YES_ERROR;
				CLANG_WARN_RANGE_LOOP_ANALYSIS = YES;
				CLANG_WARN_STRICT_PROTOTYPES = YES;
				CLANG_WARN_SUSPICIOUS_MOVE = YES;
				CLANG_WARN_UNREACHABLE_CODE = YES;
				CLANG_WARN__DUPLICATE_METHOD_MATCH = YES;
				CODE_SIGN_IDENTITY = "iPhone Developer: Ivo Bischof (NYZ3Y29G4T)";
				"CODE_SIGN_IDENTITY[sdk=iphoneos*]" = "iPhone Developer";
				COPY_PHASE_STRIP = NO;
				DEBUG_INFORMATION_FORMAT = "dwarf-with-dsym";
				ENABLE_NS_ASSERTIONS = NO;
				ENABLE_STRICT_OBJC_MSGSEND = YES;
				GCC_C_LANGUAGE_STANDARD = gnu99;
				GCC_NO_COMMON_BLOCKS = YES;
				GCC_WARN_64_TO_32_BIT_CONVERSION = YES;
				GCC_WARN_ABOUT_RETURN_TYPE = YES_ERROR;
				GCC_WARN_UNDECLARED_SELECTOR = YES;
				GCC_WARN_UNINITIALIZED_AUTOS = YES_AGGRESSIVE;
				GCC_WARN_UNUSED_FUNCTION = YES;
				GCC_WARN_UNUSED_VARIABLE = YES;
				IPHONEOS_DEPLOYMENT_TARGET = 10.2;
				MTL_ENABLE_DEBUG_INFO = NO;
				SDKROOT = iphoneos;
				SWIFT_OPTIMIZATION_LEVEL = "-Owholemodule";
				TARGETED_DEVICE_FAMILY = "1,2";
				VALIDATE_PRODUCT = YES;
			};
			name = Release;
		};
		484248061E71FF510073FC70 /* Debug */ = {
			isa = XCBuildConfiguration;
			buildSettings = {
				ASSETCATALOG_COMPILER_APPICON_NAME = AppIcon;
				DEVELOPMENT_TEAM = G4ANT58PJV;
				INFOPLIST_FILE = Arbeitszeiten/Info.plist;
				IPHONEOS_DEPLOYMENT_TARGET = 9.3;
				LD_RUNPATH_SEARCH_PATHS = "$(inherited) @executable_path/Frameworks";
				PRODUCT_BUNDLE_IDENTIFIER = ch.lukas.bischof.Arbeitszeiten;
				PRODUCT_NAME = "$(TARGET_NAME)";
				SWIFT_VERSION = 3.0;
			};
			name = Debug;
		};
		484248071E71FF510073FC70 /* Release */ = {
			isa = XCBuildConfiguration;
			buildSettings = {
				ASSETCATALOG_COMPILER_APPICON_NAME = AppIcon;
				DEVELOPMENT_TEAM = G4ANT58PJV;
				INFOPLIST_FILE = Arbeitszeiten/Info.plist;
				IPHONEOS_DEPLOYMENT_TARGET = 9.3;
				LD_RUNPATH_SEARCH_PATHS = "$(inherited) @executable_path/Frameworks";
				PRODUCT_BUNDLE_IDENTIFIER = ch.lukas.bischof.Arbeitszeiten;
				PRODUCT_NAME = "$(TARGET_NAME)";
				SWIFT_VERSION = 3.0;
			};
			name = Release;
		};
		484248091E71FF510073FC70 /* Debug */ = {
			isa = XCBuildConfiguration;
			buildSettings = {
				ALWAYS_EMBED_SWIFT_STANDARD_LIBRARIES = YES;
				BUNDLE_LOADER = "$(TEST_HOST)";
				DEVELOPMENT_TEAM = G4ANT58PJV;
				INFOPLIST_FILE = ArbeitszeitenTests/Info.plist;
				LD_RUNPATH_SEARCH_PATHS = "$(inherited) @executable_path/Frameworks @loader_path/Frameworks";
				PRODUCT_BUNDLE_IDENTIFIER = ch.lukas.bischof.ArbeitszeitenTests;
				PRODUCT_NAME = "$(TARGET_NAME)";
				SWIFT_VERSION = 3.0;
				TEST_HOST = "$(BUILT_PRODUCTS_DIR)/Arbeitszeiten.app/Arbeitszeiten";
			};
			name = Debug;
		};
		4842480A1E71FF510073FC70 /* Release */ = {
			isa = XCBuildConfiguration;
			buildSettings = {
				ALWAYS_EMBED_SWIFT_STANDARD_LIBRARIES = YES;
				BUNDLE_LOADER = "$(TEST_HOST)";
				DEVELOPMENT_TEAM = G4ANT58PJV;
				INFOPLIST_FILE = ArbeitszeitenTests/Info.plist;
				LD_RUNPATH_SEARCH_PATHS = "$(inherited) @executable_path/Frameworks @loader_path/Frameworks";
				PRODUCT_BUNDLE_IDENTIFIER = ch.lukas.bischof.ArbeitszeitenTests;
				PRODUCT_NAME = "$(TARGET_NAME)";
				SWIFT_VERSION = 3.0;
				TEST_HOST = "$(BUILT_PRODUCTS_DIR)/Arbeitszeiten.app/Arbeitszeiten";
			};
			name = Release;
		};
		4842480C1E71FF510073FC70 /* Debug */ = {
			isa = XCBuildConfiguration;
			buildSettings = {
				ALWAYS_EMBED_SWIFT_STANDARD_LIBRARIES = YES;
				DEVELOPMENT_TEAM = G4ANT58PJV;
				INFOPLIST_FILE = ArbeitszeitenUITests/Info.plist;
				LD_RUNPATH_SEARCH_PATHS = "$(inherited) @executable_path/Frameworks @loader_path/Frameworks";
				PRODUCT_BUNDLE_IDENTIFIER = ch.lukas.bischof.ArbeitszeitenUITests;
				PRODUCT_NAME = "$(TARGET_NAME)";
				SWIFT_VERSION = 3.0;
				TEST_TARGET_NAME = Arbeitszeiten;
			};
			name = Debug;
		};
		4842480D1E71FF510073FC70 /* Release */ = {
			isa = XCBuildConfiguration;
			buildSettings = {
				ALWAYS_EMBED_SWIFT_STANDARD_LIBRARIES = YES;
				DEVELOPMENT_TEAM = G4ANT58PJV;
				INFOPLIST_FILE = ArbeitszeitenUITests/Info.plist;
				LD_RUNPATH_SEARCH_PATHS = "$(inherited) @executable_path/Frameworks @loader_path/Frameworks";
				PRODUCT_BUNDLE_IDENTIFIER = ch.lukas.bischof.ArbeitszeitenUITests;
				PRODUCT_NAME = "$(TARGET_NAME)";
				SWIFT_VERSION = 3.0;
				TEST_TARGET_NAME = Arbeitszeiten;
			};
			name = Release;
		};
/* End XCBuildConfiguration section */

/* Begin XCConfigurationList section */
		484247D61E71FF500073FC70 /* Build configuration list for PBXProject "Arbeitszeiten" */ = {
			isa = XCConfigurationList;
			buildConfigurations = (
				484248031E71FF510073FC70 /* Debug */,
				484248041E71FF510073FC70 /* Release */,
			);
			defaultConfigurationIsVisible = 0;
			defaultConfigurationName = Release;
		};
		484248051E71FF510073FC70 /* Build configuration list for PBXNativeTarget "Arbeitszeiten" */ = {
			isa = XCConfigurationList;
			buildConfigurations = (
				484248061E71FF510073FC70 /* Debug */,
				484248071E71FF510073FC70 /* Release */,
			);
			defaultConfigurationIsVisible = 0;
			defaultConfigurationName = Release;
		};
		484248081E71FF510073FC70 /* Build configuration list for PBXNativeTarget "ArbeitszeitenTests" */ = {
			isa = XCConfigurationList;
			buildConfigurations = (
				484248091E71FF510073FC70 /* Debug */,
				4842480A1E71FF510073FC70 /* Release */,
			);
			defaultConfigurationIsVisible = 0;
			defaultConfigurationName = Release;
		};
		4842480B1E71FF510073FC70 /* Build configuration list for PBXNativeTarget "ArbeitszeitenUITests" */ = {
			isa = XCConfigurationList;
			buildConfigurations = (
				4842480C1E71FF510073FC70 /* Debug */,
				4842480D1E71FF510073FC70 /* Release */,
			);
			defaultConfigurationIsVisible = 0;
			defaultConfigurationName = Release;
		};
/* End XCConfigurationList section */
	};
	rootObject = 484247D31E71FF500073FC70 /* Project object */;
}
